// !$*UTF8*$!
{
	archiveVersion = 1;
	classes = {
	};
	objectVersion = 46;
	objects = {

/* Begin PBXBuildFile section */
		6F7DB3601CE4E97900F03481 /* AppDelegate.swift in Sources */ = {isa = PBXBuildFile; fileRef = 6F7DB35F1CE4E97900F03481 /* AppDelegate.swift */; };
		6F7DB3621CE4E97900F03481 /* ViewController.swift in Sources */ = {isa = PBXBuildFile; fileRef = 6F7DB3611CE4E97900F03481 /* ViewController.swift */; };
		6F7DB3651CE4E97900F03481 /* Main.storyboard in Resources */ = {isa = PBXBuildFile; fileRef = 6F7DB3631CE4E97900F03481 /* Main.storyboard */; };
		6F7DB3671CE4E97900F03481 /* Assets.xcassets in Resources */ = {isa = PBXBuildFile; fileRef = 6F7DB3661CE4E97900F03481 /* Assets.xcassets */; };
		6F7DB36A1CE4E97900F03481 /* LaunchScreen.storyboard in Resources */ = {isa = PBXBuildFile; fileRef = 6F7DB3681CE4E97900F03481 /* LaunchScreen.storyboard */; };
		6F7DB3751CE4E97A00F03481 /* SampleJenkinsiOSTests.swift in Sources */ = {isa = PBXBuildFile; fileRef = 6F7DB3741CE4E97A00F03481 /* SampleJenkinsiOSTests.swift */; };
/* End PBXBuildFile section */

/* Begin PBXContainerItemProxy section */
		6F7DB3711CE4E97A00F03481 /* PBXContainerItemProxy */ = {
			isa = PBXContainerItemProxy;
			containerPortal = 6F7DB3541CE4E97900F03481 /* Project object */;
			proxyType = 1;
			remoteGlobalIDString = 6F7DB35B1CE4E97900F03481;
			remoteInfo = SampleJenkinsiOS;
		};
/* End PBXContainerItemProxy section */

/* Begin PBXFileReference section */
		6F7DB35C1CE4E97900F03481 /* SampleJenkinsiOS.app */ = {isa = PBXFileReference; explicitFileType = wrapper.application; includeInIndex = 0; path = SampleJenkinsiOS.app; sourceTree = BUILT_PRODUCTS_DIR; };
		6F7DB35F1CE4E97900F03481 /* AppDelegate.swift */ = {isa = PBXFileReference; lastKnownFileType = sourcecode.swift; path = AppDelegate.swift; sourceTree = "<group>"; };
		6F7DB3611CE4E97900F03481 /* ViewController.swift */ = {isa = PBXFileReference; lastKnownFileType = sourcecode.swift; path = ViewController.swift; sourceTree = "<group>"; };
		6F7DB3641CE4E97900F03481 /* Base */ = {isa = PBXFileReference; lastKnownFileType = file.storyboard; name = Base; path = Base.lproj/Main.storyboard; sourceTree = "<group>"; };
		6F7DB3661CE4E97900F03481 /* Assets.xcassets */ = {isa = PBXFileReference; lastKnownFileType = folder.assetcatalog; path = Assets.xcassets; sourceTree = "<group>"; };
		6F7DB3691CE4E97900F03481 /* Base */ = {isa = PBXFileReference; lastKnownFileType = file.storyboard; name = Base; path = Base.lproj/LaunchScreen.storyboard; sourceTree = "<group>"; };
		6F7DB36B1CE4E97900F03481 /* Info.plist */ = {isa = PBXFileReference; lastKnownFileType = text.plist.xml; path = Info.plist; sourceTree = "<group>"; };
		6F7DB3701CE4E97A00F03481 /* SampleJenkinsiOSTests.xctest */ = {isa = PBXFileReference; explicitFileType = wrapper.cfbundle; includeInIndex = 0; path = SampleJenkinsiOSTests.xctest; sourceTree = BUILT_PRODUCTS_DIR; };
		6F7DB3741CE4E97A00F03481 /* SampleJenkinsiOSTests.swift */ = {isa = PBXFileReference; lastKnownFileType = sourcecode.swift; path = SampleJenkinsiOSTests.swift; sourceTree = "<group>"; };
		6F7DB3761CE4E97A00F03481 /* Info.plist */ = {isa = PBXFileReference; lastKnownFileType = text.plist.xml; path = Info.plist; sourceTree = "<group>"; };
/* End PBXFileReference section */

/* Begin PBXFrameworksBuildPhase section */
		6F7DB3591CE4E97900F03481 /* Frameworks */ = {
			isa = PBXFrameworksBuildPhase;
			buildActionMask = 2147483647;
			files = (
			);
			runOnlyForDeploymentPostprocessing = 0;
		};
		6F7DB36D1CE4E97A00F03481 /* Frameworks */ = {
			isa = PBXFrameworksBuildPhase;
			buildActionMask = 2147483647;
			files = (
			);
			runOnlyForDeploymentPostprocessing = 0;
		};
/* End PBXFrameworksBuildPhase section */

/* Begin PBXGroup section */
		6F7DB3531CE4E97900F03481 = {
			isa = PBXGroup;
			children = (
				6F7DB35E1CE4E97900F03481 /* SampleJenkinsiOS */,
				6F7DB3731CE4E97A00F03481 /* SampleJenkinsiOSTests */,
				6F7DB35D1CE4E97900F03481 /* Products */,
			);
			sourceTree = "<group>";
		};
		6F7DB35D1CE4E97900F03481 /* Products */ = {
			isa = PBXGroup;
			children = (
				6F7DB35C1CE4E97900F03481 /* SampleJenkinsiOS.app */,
				6F7DB3701CE4E97A00F03481 /* SampleJenkinsiOSTests.xctest */,
			);
			name = Products;
			sourceTree = "<group>";
		};
		6F7DB35E1CE4E97900F03481 /* SampleJenkinsiOS */ = {
			isa = PBXGroup;
			children = (
				6F7DB35F1CE4E97900F03481 /* AppDelegate.swift */,
				6F7DB3611CE4E97900F03481 /* ViewController.swift */,
				6F7DB3631CE4E97900F03481 /* Main.storyboard */,
				6F7DB3661CE4E97900F03481 /* Assets.xcassets */,
				6F7DB3681CE4E97900F03481 /* LaunchScreen.storyboard */,
				6F7DB36B1CE4E97900F03481 /* Info.plist */,
			);
			path = SampleJenkinsiOS;
			sourceTree = "<group>";
		};
		6F7DB3731CE4E97A00F03481 /* SampleJenkinsiOSTests */ = {
			isa = PBXGroup;
			children = (
				6F7DB3741CE4E97A00F03481 /* SampleJenkinsiOSTests.swift */,
				6F7DB3761CE4E97A00F03481 /* Info.plist */,
			);
			path = SampleJenkinsiOSTests;
			sourceTree = "<group>";
		};
/* End PBXGroup section */

/* Begin PBXNativeTarget section */
		6F7DB35B1CE4E97900F03481 /* SampleJenkinsiOS */ = {
			isa = PBXNativeTarget;
			buildConfigurationList = 6F7DB3791CE4E97A00F03481 /* Build configuration list for PBXNativeTarget "SampleJenkinsiOS" */;
			buildPhases = (
				6F7DB3581CE4E97900F03481 /* Sources */,
				6F7DB3591CE4E97900F03481 /* Frameworks */,
				6F7DB35A1CE4E97900F03481 /* Resources */,
			);
			buildRules = (
			);
			dependencies = (
			);
			name = SampleJenkinsiOS;
			productName = SampleJenkinsiOS;
			productReference = 6F7DB35C1CE4E97900F03481 /* SampleJenkinsiOS.app */;
			productType = "com.apple.product-type.application";
		};
		6F7DB36F1CE4E97A00F03481 /* SampleJenkinsiOSTests */ = {
			isa = PBXNativeTarget;
			buildConfigurationList = 6F7DB37C1CE4E97A00F03481 /* Build configuration list for PBXNativeTarget "SampleJenkinsiOSTests" */;
			buildPhases = (
				6F7DB36C1CE4E97A00F03481 /* Sources */,
				6F7DB36D1CE4E97A00F03481 /* Frameworks */,
				6F7DB36E1CE4E97A00F03481 /* Resources */,
			);
			buildRules = (
			);
			dependencies = (
				6F7DB3721CE4E97A00F03481 /* PBXTargetDependency */,
			);
			name = SampleJenkinsiOSTests;
			productName = SampleJenkinsiOSTests;
			productReference = 6F7DB3701CE4E97A00F03481 /* SampleJenkinsiOSTests.xctest */;
			productType = "com.apple.product-type.bundle.unit-test";
		};
/* End PBXNativeTarget section */

/* Begin PBXProject section */
		6F7DB3541CE4E97900F03481 /* Project object */ = {
			isa = PBXProject;
			attributes = {
				LastSwiftUpdateCheck = 0730;
				LastUpgradeCheck = 0730;
				ORGANIZATIONNAME = "R V";
				TargetAttributes = {
					6F7DB35B1CE4E97900F03481 = {
						CreatedOnToolsVersion = 7.3;
					};
					6F7DB36F1CE4E97A00F03481 = {
						CreatedOnToolsVersion = 7.3;
						TestTargetID = 6F7DB35B1CE4E97900F03481;
					};
				};
			};
			buildConfigurationList = 6F7DB3571CE4E97900F03481 /* Build configuration list for PBXProject "SampleJenkinsiOS" */;
			compatibilityVersion = "Xcode 3.2";
			developmentRegion = English;
			hasScannedForEncodings = 0;
			knownRegions = (
				en,
				Base,
			);
			mainGroup = 6F7DB3531CE4E97900F03481;
			productRefGroup = 6F7DB35D1CE4E97900F03481 /* Products */;
			projectDirPath = "";
			projectRoot = "";
			targets = (
				6F7DB35B1CE4E97900F03481 /* SampleJenkinsiOS */,
				6F7DB36F1CE4E97A00F03481 /* SampleJenkinsiOSTests */,
			);
		};
/* End PBXProject section */

/* Begin PBXResourcesBuildPhase section */
		6F7DB35A1CE4E97900F03481 /* Resources */ = {
			isa = PBXResourcesBuildPhase;
			buildActionMask = 2147483647;
			files = (
				6F7DB36A1CE4E97900F03481 /* LaunchScreen.storyboard in Resources */,
				6F7DB3671CE4E97900F03481 /* Assets.xcassets in Resources */,
				6F7DB3651CE4E97900F03481 /* Main.storyboard in Resources */,
			);
			runOnlyForDeploymentPostprocessing = 0;
		};
		6F7DB36E1CE4E97A00F03481 /* Resources */ = {
			isa = PBXResourcesBuildPhase;
			buildActionMask = 2147483647;
			files = (
			);
			runOnlyForDeploymentPostprocessing = 0;
		};
/* End PBXResourcesBuildPhase section */

/* Begin PBXSourcesBuildPhase section */
		6F7DB3581CE4E97900F03481 /* Sources */ = {
			isa = PBXSourcesBuildPhase;
			buildActionMask = 2147483647;
			files = (
				6F7DB3621CE4E97900F03481 /* ViewController.swift in Sources */,
				6F7DB3601CE4E97900F03481 /* AppDelegate.swift in Sources */,
			);
			runOnlyForDeploymentPostprocessing = 0;
		};
		6F7DB36C1CE4E97A00F03481 /* Sources */ = {
			isa = PBXSourcesBuildPhase;
			buildActionMask = 2147483647;
			files = (
				6F7DB3751CE4E97A00F03481 /* SampleJenkinsiOSTests.swift in Sources */,
			);
			runOnlyForDeploymentPostprocessing = 0;
		};
/* End PBXSourcesBuildPhase section */

/* Begin PBXTargetDependency section */
		6F7DB3721CE4E97A00F03481 /* PBXTargetDependency */ = {
			isa = PBXTargetDependency;
			target = 6F7DB35B1CE4E97900F03481 /* SampleJenkinsiOS */;
			targetProxy = 6F7DB3711CE4E97A00F03481 /* PBXContainerItemProxy */;
		};
/* End PBXTargetDependency section */

/* Begin PBXVariantGroup section */
		6F7DB3631CE4E97900F03481 /* Main.storyboard */ = {
			isa = PBXVariantGroup;
			children = (
				6F7DB3641CE4E97900F03481 /* Base */,
			);
			name = Main.storyboard;
			sourceTree = "<group>";
		};
		6F7DB3681CE4E97900F03481 /* LaunchScreen.storyboard */ = {
			isa = PBXVariantGroup;
			children = (
				6F7DB3691CE4E97900F03481 /* Base */,
			);
			name = LaunchScreen.storyboard;
			sourceTree = "<group>";
		};
/* End PBXVariantGroup section */

/* Begin XCBuildConfiguration section */
		6F7DB3771CE4E97A00F03481 /* Debug */ = {
			isa = XCBuildConfiguration;
			buildSettings = {
				ALWAYS_SEARCH_USER_PATHS = NO;
				CLANG_ANALYZER_NONNULL = YES;
				CLANG_CXX_LANGUAGE_STANDARD = "gnu++0x";
				CLANG_CXX_LIBRARY = "libc++";
				CLANG_ENABLE_MODULES = YES;
				CLANG_ENABLE_OBJC_ARC = YES;
				CLANG_WARN_BOOL_CONVERSION = YES;
				CLANG_WARN_CONSTANT_CONVERSION = YES;
				CLANG_WARN_DIRECT_OBJC_ISA_USAGE = YES_ERROR;
				CLANG_WARN_EMPTY_BODY = YES;
				CLANG_WARN_ENUM_CONVERSION = YES;
				CLANG_WARN_INT_CONVERSION = YES;
				CLANG_WARN_OBJC_ROOT_CLASS = YES_ERROR;
				CLANG_WARN_UNREACHABLE_CODE = YES;
				CLANG_WARN__DUPLICATE_METHOD_MATCH = YES;
				"CODE_SIGN_IDENTITY[sdk=iphoneos*]" = "iPhone Developer";
				COPY_PHASE_STRIP = NO;
				DEBUG_INFORMATION_FORMAT = dwarf;
				ENABLE_STRICT_OBJC_MSGSEND = YES;
				ENABLE_TESTABILITY = YES;
				GCC_C_LANGUAGE_STANDARD = gnu99;
				GCC_DYNAMIC_NO_PIC = NO;
				GCC_NO_COMMON_BLOCKS = YES;
				GCC_OPTIMIZATION_LEVEL = 0;
				GCC_PREPROCESSOR_DEFINITIONS = (
					"DEBUG=1",
					"$(inherited)",
				);
				GCC_WARN_64_TO_32_BIT_CONVERSION = YES;
				GCC_WARN_ABOUT_RETURN_TYPE = YES_ERROR;
				GCC_WARN_UNDECLARED_SELECTOR = YES;
				GCC_WARN_UNINITIALIZED_AUTOS = YES_AGGRESSIVE;
				GCC_WARN_UNUSED_FUNCTION = YES;
				GCC_WARN_UNUSED_VARIABLE = YES;
				IPHONEOS_DEPLOYMENT_TARGET = 9.3;
				MTL_ENABLE_DEBUG_INFO = YES;
				ONLY_ACTIVE_ARCH = YES;
				SDKROOT = iphoneos;
				SWIFT_OPTIMIZATION_LEVEL = "-Onone";
			};
			name = Debug;
		};
		6F7DB3781CE4E97A00F03481 /* Release */ = {
			isa = XCBuildConfiguration;
			buildSettings = {
				ALWAYS_SEARCH_USER_PATHS = NO;
				CLANG_ANALYZER_NONNULL = YES;
				CLANG_CXX_LANGUAGE_STANDARD = "gnu++0x";
				CLANG_CXX_LIBRARY = "libc++";
				CLANG_ENABLE_MODULES = YES;
				CLANG_ENABLE_OBJC_ARC = YES;
				CLANG_WARN_BOOL_CONVERSION = YES;
				CLANG_WARN_CONSTANT_CONVERSION = YES;
				CLANG_WARN_DIRECT_OBJC_ISA_USAGE = YES_ERROR;
				CLANG_WARN_EMPTY_BODY = YES;
				CLANG_WARN_ENUM_CONVERSION = YES;
				CLANG_WARN_INT_CONVERSION = YES;
				CLANG_WARN_OBJC_ROOT_CLASS = YES_ERROR;
				CLANG_WARN_UNREACHABLE_CODE = YES;
				CLANG_WARN__DUPLICATE_METHOD_MATCH = YES;
				"CODE_SIGN_IDENTITY[sdk=iphoneos*]" = "iPhone Developer";
				COPY_PHASE_STRIP = NO;
				DEBUG_INFORMATION_FORMAT = "dwarf-with-dsym";
				ENABLE_NS_ASSERTIONS = NO;
				ENABLE_STRICT_OBJC_MSGSEND = YES;
				GCC_C_LANGUAGE_STANDARD = gnu99;
				GCC_NO_COMMON_BLOCKS = YES;
				GCC_WARN_64_TO_32_BIT_CONVERSION = YES;
				GCC_WARN_ABOUT_RETURN_TYPE = YES_ERROR;
				GCC_WARN_UNDECLARED_SELECTOR = YES;
				GCC_WARN_UNINITIALIZED_AUTOS = YES_AGGRESSIVE;
				GCC_WARN_UNUSED_FUNCTION = YES;
				GCC_WARN_UNUSED_VARIABLE = YES;
				IPHONEOS_DEPLOYMENT_TARGET = 9.3;
				MTL_ENABLE_DEBUG_INFO = NO;
				SDKROOT = iphoneos;
				VALIDATE_PRODUCT = YES;
			};
			name = Release;
		};
		6F7DB37A1CE4E97A00F03481 /* Debug */ = {
			isa = XCBuildConfiguration;
			buildSettings = {
				ASSETCATALOG_COMPILER_APPICON_NAME = AppIcon;
				INFOPLIST_FILE = SampleJenkinsiOS/Info.plist;
				LD_RUNPATH_SEARCH_PATHS = "$(inherited) @executable_path/Frameworks";
				PRODUCT_BUNDLE_IDENTIFIER = com.rv.SampleJenkinsiOS;
				PRODUCT_NAME = "$(TARGET_NAME)";
			};
			name = Debug;
		};
		6F7DB37B1CE4E97A00F03481 /* Release */ = {
			isa = XCBuildConfiguration;
			buildSettings = {
				ASSETCATALOG_COMPILER_APPICON_NAME = AppIcon;
				INFOPLIST_FILE = SampleJenkinsiOS/Info.plist;
				LD_RUNPATH_SEARCH_PATHS = "$(inherited) @executable_path/Frameworks";
				PRODUCT_BUNDLE_IDENTIFIER = com.rv.SampleJenkinsiOS;
				PRODUCT_NAME = "$(TARGET_NAME)";
			};
			name = Release;
		};
		6F7DB37D1CE4E97A00F03481 /* Debug */ = {
			isa = XCBuildConfiguration;
			buildSettings = {
				BUNDLE_LOADER = "$(TEST_HOST)";
				INFOPLIST_FILE = SampleJenkinsiOSTests/Info.plist;
				LD_RUNPATH_SEARCH_PATHS = "$(inherited) @executable_path/Frameworks @loader_path/Frameworks";
				PRODUCT_BUNDLE_IDENTIFIER = com.rv.SampleJenkinsiOSTests;
				PRODUCT_NAME = "$(TARGET_NAME)";
				TEST_HOST = "$(BUILT_PRODUCTS_DIR)/SampleJenkinsiOS.app/SampleJenkinsiOS";
			};
			name = Debug;
		};
		6F7DB37E1CE4E97A00F03481 /* Release */ = {
			isa = XCBuildConfiguration;
			buildSettings = {
				BUNDLE_LOADER = "$(TEST_HOST)";
				INFOPLIST_FILE = SampleJenkinsiOSTests/Info.plist;
				LD_RUNPATH_SEARCH_PATHS = "$(inherited) @executable_path/Frameworks @loader_path/Frameworks";
				PRODUCT_BUNDLE_IDENTIFIER = com.rv.SampleJenkinsiOSTests;
				PRODUCT_NAME = "$(TARGET_NAME)";
				TEST_HOST = "$(BUILT_PRODUCTS_DIR)/SampleJenkinsiOS.app/SampleJenkinsiOS";
			};
			name = Release;
		};
/* End XCBuildConfiguration section */

/* Begin XCConfigurationList section */
		6F7DB3571CE4E97900F03481 /* Build configuration list for PBXProject "SampleJenkinsiOS" */ = {
			isa = XCConfigurationList;
			buildConfigurations = (
				6F7DB3771CE4E97A00F03481 /* Debug */,
				6F7DB3781CE4E97A00F03481 /* Release */,
			);
			defaultConfigurationIsVisible = 0;
			defaultConfigurationName = Release;
		};
		6F7DB3791CE4E97A00F03481 /* Build configuration list for PBXNativeTarget "SampleJenkinsiOS" */ = {
			isa = XCConfigurationList;
			buildConfigurations = (
				6F7DB37A1CE4E97A00F03481 /* Debug */,
				6F7DB37B1CE4E97A00F03481 /* Release */,
			);
			defaultConfigurationIsVisible = 0;
		};
		6F7DB37C1CE4E97A00F03481 /* Build configuration list for PBXNativeTarget "SampleJenkinsiOSTests" */ = {
			isa = XCConfigurationList;
			buildConfigurations = (
				6F7DB37D1CE4E97A00F03481 /* Debug */,
				6F7DB37E1CE4E97A00F03481 /* Release */,
			);
			defaultConfigurationIsVisible = 0;
		};
/* End XCConfigurationList section */
	};
	rootObject = 6F7DB3541CE4E97900F03481 /* Project object */;
}
